// !$*UTF8*$!
{
	archiveVersion = 1;
	classes = {
	};
	objectVersion = 50;
	objects = {

/* Begin PBXBuildFile section */
		D9CBD7B92623D0EA0043DA8A /* AppDelegate.swift in Sources */ = {isa = PBXBuildFile; fileRef = D9CBD7B82623D0EA0043DA8A /* AppDelegate.swift */; };
		D9CBD7BB2623D0EA0043DA8A /* SceneDelegate.swift in Sources */ = {isa = PBXBuildFile; fileRef = D9CBD7BA2623D0EA0043DA8A /* SceneDelegate.swift */; };
		D9CBD7BD2623D0EA0043DA8A /* ViewController.swift in Sources */ = {isa = PBXBuildFile; fileRef = D9CBD7BC2623D0EA0043DA8A /* ViewController.swift */; };
		D9CBD7C02623D0EA0043DA8A /* Main.storyboard in Resources */ = {isa = PBXBuildFile; fileRef = D9CBD7BE2623D0EA0043DA8A /* Main.storyboard */; };
		D9CBD7C22623D0EB0043DA8A /* Assets.xcassets in Resources */ = {isa = PBXBuildFile; fileRef = D9CBD7C12623D0EB0043DA8A /* Assets.xcassets */; };
		D9CBD7C52623D0EB0043DA8A /* LaunchScreen.storyboard in Resources */ = {isa = PBXBuildFile; fileRef = D9CBD7C32623D0EB0043DA8A /* LaunchScreen.storyboard */; };
		D9CBD7D62623DA1D0043DA8A /* Warszawa.jpeg in Resources */ = {isa = PBXBuildFile; fileRef = D9CBD7CF2623DA1C0043DA8A /* Warszawa.jpeg */; };
		D9CBD7D72623DA1D0043DA8A /* Valleta.jpg in Resources */ = {isa = PBXBuildFile; fileRef = D9CBD7D02623DA1C0043DA8A /* Valleta.jpg */; };
		D9CBD7D82623DA1D0043DA8A /* Barcelona.jpg in Resources */ = {isa = PBXBuildFile; fileRef = D9CBD7D12623DA1C0043DA8A /* Barcelona.jpg */; };
		D9CBD7D92623DA1D0043DA8A /* Malta.jpg in Resources */ = {isa = PBXBuildFile; fileRef = D9CBD7D22623DA1D0043DA8A /* Malta.jpg */; };
		D9CBD7DA2623DA1D0043DA8A /* Rome.jpg in Resources */ = {isa = PBXBuildFile; fileRef = D9CBD7D32623DA1D0043DA8A /* Rome.jpg */; };
		D9CBD7DB2623DA1D0043DA8A /* Positano.jpeg in Resources */ = {isa = PBXBuildFile; fileRef = D9CBD7D42623DA1D0043DA8A /* Positano.jpeg */; };
		D9CBD7DC2623DA1D0043DA8A /* London.jpeg in Resources */ = {isa = PBXBuildFile; fileRef = D9CBD7D52623DA1D0043DA8A /* London.jpeg */; };
		D9CBD7E32623DC7E0043DA8A /* AmericanShorthairCat.jpg in Resources */ = {isa = PBXBuildFile; fileRef = D9CBD7DE2623DC7E0043DA8A /* AmericanShorthairCat.jpg */; };
		D9CBD7E42623DC7E0043DA8A /* Retriever.jpeg in Resources */ = {isa = PBXBuildFile; fileRef = D9CBD7DF2623DC7E0043DA8A /* Retriever.jpeg */; };
		D9CBD7E52623DC7E0043DA8A /* Wawa.jpg in Resources */ = {isa = PBXBuildFile; fileRef = D9CBD7E02623DC7E0043DA8A /* Wawa.jpg */; };
		D9CBD7E62623DC7E0043DA8A /* Collie.jpeg in Resources */ = {isa = PBXBuildFile; fileRef = D9CBD7E12623DC7E0043DA8A /* Collie.jpeg */; };
		D9CBD7E72623DC7E0043DA8A /* Corgi.jpg in Resources */ = {isa = PBXBuildFile; fileRef = D9CBD7E22623DC7E0043DA8A /* Corgi.jpg */; };
		D9CBD7EA2623DEBD0043DA8A /* RussianBlue.jpeg in Resources */ = {isa = PBXBuildFile; fileRef = D9CBD7E92623DEBD0043DA8A /* RussianBlue.jpeg */; };
/* End PBXBuildFile section */

/* Begin PBXFileReference section */
		D9CBD7B52623D0EA0043DA8A /* MultiPickerView.app */ = {isa = PBXFileReference; explicitFileType = wrapper.application; includeInIndex = 0; path = MultiPickerView.app; sourceTree = BUILT_PRODUCTS_DIR; };
		D9CBD7B82623D0EA0043DA8A /* AppDelegate.swift */ = {isa = PBXFileReference; lastKnownFileType = sourcecode.swift; path = AppDelegate.swift; sourceTree = "<group>"; };
		D9CBD7BA2623D0EA0043DA8A /* SceneDelegate.swift */ = {isa = PBXFileReference; lastKnownFileType = sourcecode.swift; path = SceneDelegate.swift; sourceTree = "<group>"; };
		D9CBD7BC2623D0EA0043DA8A /* ViewController.swift */ = {isa = PBXFileReference; lastKnownFileType = sourcecode.swift; path = ViewController.swift; sourceTree = "<group>"; };
		D9CBD7BF2623D0EA0043DA8A /* Base */ = {isa = PBXFileReference; lastKnownFileType = file.storyboard; name = Base; path = Base.lproj/Main.storyboard; sourceTree = "<group>"; };
		D9CBD7C12623D0EB0043DA8A /* Assets.xcassets */ = {isa = PBXFileReference; lastKnownFileType = folder.assetcatalog; path = Assets.xcassets; sourceTree = "<group>"; };
		D9CBD7C42623D0EB0043DA8A /* Base */ = {isa = PBXFileReference; lastKnownFileType = file.storyboard; name = Base; path = Base.lproj/LaunchScreen.storyboard; sourceTree = "<group>"; };
		D9CBD7C62623D0EB0043DA8A /* Info.plist */ = {isa = PBXFileReference; lastKnownFileType = text.plist.xml; path = Info.plist; sourceTree = "<group>"; };
		D9CBD7CF2623DA1C0043DA8A /* Warszawa.jpeg */ = {isa = PBXFileReference; lastKnownFileType = image.jpeg; path = Warszawa.jpeg; sourceTree = "<group>"; };
		D9CBD7D02623DA1C0043DA8A /* Valleta.jpg */ = {isa = PBXFileReference; lastKnownFileType = image.jpeg; path = Valleta.jpg; sourceTree = "<group>"; };
		D9CBD7D12623DA1C0043DA8A /* Barcelona.jpg */ = {isa = PBXFileReference; lastKnownFileType = image.jpeg; path = Barcelona.jpg; sourceTree = "<group>"; };
		D9CBD7D22623DA1D0043DA8A /* Malta.jpg */ = {isa = PBXFileReference; lastKnownFileType = image.jpeg; path = Malta.jpg; sourceTree = "<group>"; };
		D9CBD7D32623DA1D0043DA8A /* Rome.jpg */ = {isa = PBXFileReference; lastKnownFileType = image.jpeg; path = Rome.jpg; sourceTree = "<group>"; };
		D9CBD7D42623DA1D0043DA8A /* Positano.jpeg */ = {isa = PBXFileReference; lastKnownFileType = image.jpeg; path = Positano.jpeg; sourceTree = "<group>"; };
		D9CBD7D52623DA1D0043DA8A /* London.jpeg */ = {isa = PBXFileReference; lastKnownFileType = image.jpeg; path = London.jpeg; sourceTree = "<group>"; };
		D9CBD7DE2623DC7E0043DA8A /* AmericanShorthairCat.jpg */ = {isa = PBXFileReference; lastKnownFileType = image.jpeg; path = AmericanShorthairCat.jpg; sourceTree = "<group>"; };
		D9CBD7DF2623DC7E0043DA8A /* Retriever.jpeg */ = {isa = PBXFileReference; lastKnownFileType = image.jpeg; path = Retriever.jpeg; sourceTree = "<group>"; };
		D9CBD7E02623DC7E0043DA8A /* Wawa.jpg */ = {isa = PBXFileReference; lastKnownFileType = image.jpeg; path = Wawa.jpg; sourceTree = "<group>"; };
		D9CBD7E12623DC7E0043DA8A /* Collie.jpeg */ = {isa = PBXFileReference; lastKnownFileType = image.jpeg; path = Collie.jpeg; sourceTree = "<group>"; };
		D9CBD7E22623DC7E0043DA8A /* Corgi.jpg */ = {isa = PBXFileReference; lastKnownFileType = image.jpeg; path = Corgi.jpg; sourceTree = "<group>"; };
		D9CBD7E92623DEBD0043DA8A /* RussianBlue.jpeg */ = {isa = PBXFileReference; lastKnownFileType = image.jpeg; path = RussianBlue.jpeg; sourceTree = "<group>"; };
/* End PBXFileReference section */

/* Begin PBXFrameworksBuildPhase section */
		D9CBD7B22623D0EA0043DA8A /* Frameworks */ = {
			isa = PBXFrameworksBuildPhase;
			buildActionMask = 2147483647;
			files = (
			);
			runOnlyForDeploymentPostprocessing = 0;
		};
/* End PBXFrameworksBuildPhase section */

/* Begin PBXGroup section */
		D9CBD7AC2623D0E90043DA8A = {
			isa = PBXGroup;
			children = (
				D9CBD7CE2623D9D40043DA8A /* Images */,
				D9CBD7B72623D0EA0043DA8A /* MultiPickerView */,
				D9CBD7B62623D0EA0043DA8A /* Products */,
			);
			sourceTree = "<group>";
		};
		D9CBD7B62623D0EA0043DA8A /* Products */ = {
			isa = PBXGroup;
			children = (
				D9CBD7B52623D0EA0043DA8A /* MultiPickerView.app */,
			);
			name = Products;
			sourceTree = "<group>";
		};
		D9CBD7B72623D0EA0043DA8A /* MultiPickerView */ = {
			isa = PBXGroup;
			children = (
				D9CBD7B82623D0EA0043DA8A /* AppDelegate.swift */,
				D9CBD7BA2623D0EA0043DA8A /* SceneDelegate.swift */,
				D9CBD7BC2623D0EA0043DA8A /* ViewController.swift */,
				D9CBD7BE2623D0EA0043DA8A /* Main.storyboard */,
				D9CBD7C12623D0EB0043DA8A /* Assets.xcassets */,
				D9CBD7C32623D0EB0043DA8A /* LaunchScreen.storyboard */,
				D9CBD7C62623D0EB0043DA8A /* Info.plist */,
			);
			path = MultiPickerView;
			sourceTree = "<group>";
		};
		D9CBD7CE2623D9D40043DA8A /* Images */ = {
			isa = PBXGroup;
			children = (
				D9CBD7D42623DA1D0043DA8A /* Positano.jpeg */,
				D9CBD7CF2623DA1C0043DA8A /* Warszawa.jpeg */,
				D9CBD7D52623DA1D0043DA8A /* London.jpeg */,
				D9CBD7D32623DA1D0043DA8A /* Rome.jpg */,
				D9CBD7D02623DA1C0043DA8A /* Valleta.jpg */,
				D9CBD7D22623DA1D0043DA8A /* Malta.jpg */,
				D9CBD7D12623DA1C0043DA8A /* Barcelona.jpg */,
				D9CBD7E92623DEBD0043DA8A /* RussianBlue.jpeg */,
				D9CBD7DE2623DC7E0043DA8A /* AmericanShorthairCat.jpg */,
				D9CBD7E12623DC7E0043DA8A /* Collie.jpeg */,
				D9CBD7E22623DC7E0043DA8A /* Corgi.jpg */,
				D9CBD7DF2623DC7E0043DA8A /* Retriever.jpeg */,
				D9CBD7E02623DC7E0043DA8A /* Wawa.jpg */,
			);
			path = Images;
			sourceTree = "<group>";
		};
/* End PBXGroup section */

/* Begin PBXNativeTarget section */
		D9CBD7B42623D0EA0043DA8A /* MultiPickerView */ = {
			isa = PBXNativeTarget;
			buildConfigurationList = D9CBD7C92623D0EB0043DA8A /* Build configuration list for PBXNativeTarget "MultiPickerView" */;
			buildPhases = (
				D9CBD7B12623D0EA0043DA8A /* Sources */,
				D9CBD7B22623D0EA0043DA8A /* Frameworks */,
				D9CBD7B32623D0EA0043DA8A /* Resources */,
			);
			buildRules = (
			);
			dependencies = (
			);
			name = MultiPickerView;
			productName = MultiPickerView;
			productReference = D9CBD7B52623D0EA0043DA8A /* MultiPickerView.app */;
			productType = "com.apple.product-type.application";
		};
/* End PBXNativeTarget section */

/* Begin PBXProject section */
		D9CBD7AD2623D0E90043DA8A /* Project object */ = {
			isa = PBXProject;
			attributes = {
				LastSwiftUpdateCheck = 1240;
				LastUpgradeCheck = 1240;
				TargetAttributes = {
					D9CBD7B42623D0EA0043DA8A = {
						CreatedOnToolsVersion = 12.4;
					};
				};
			};
			buildConfigurationList = D9CBD7B02623D0E90043DA8A /* Build configuration list for PBXProject "MultiPickerView" */;
			compatibilityVersion = "Xcode 9.3";
			developmentRegion = en;
			hasScannedForEncodings = 0;
			knownRegions = (
				en,
				Base,
			);
			mainGroup = D9CBD7AC2623D0E90043DA8A;
			productRefGroup = D9CBD7B62623D0EA0043DA8A /* Products */;
			projectDirPath = "";
			projectRoot = "";
			targets = (
				D9CBD7B42623D0EA0043DA8A /* MultiPickerView */,
			);
		};
/* End PBXProject section */

/* Begin PBXResourcesBuildPhase section */
		D9CBD7B32623D0EA0043DA8A /* Resources */ = {
			isa = PBXResourcesBuildPhase;
			buildActionMask = 2147483647;
			files = (
				D9CBD7E72623DC7E0043DA8A /* Corgi.jpg in Resources */,
				D9CBD7D92623DA1D0043DA8A /* Malta.jpg in Resources */,
				D9CBD7EA2623DEBD0043DA8A /* RussianBlue.jpeg in Resources */,
				D9CBD7E32623DC7E0043DA8A /* AmericanShorthairCat.jpg in Resources */,
				D9CBD7D72623DA1D0043DA8A /* Valleta.jpg in Resources */,
				D9CBD7DC2623DA1D0043DA8A /* London.jpeg in Resources */,
				D9CBD7E52623DC7E0043DA8A /* Wawa.jpg in Resources */,
				D9CBD7C52623D0EB0043DA8A /* LaunchScreen.storyboard in Resources */,
				D9CBD7DB2623DA1D0043DA8A /* Positano.jpeg in Resources */,
				D9CBD7D62623DA1D0043DA8A /* Warszawa.jpeg in Resources */,
				D9CBD7C22623D0EB0043DA8A /* Assets.xcassets in Resources */,
				D9CBD7E62623DC7E0043DA8A /* Collie.jpeg in Resources */,
				D9CBD7DA2623DA1D0043DA8A /* Rome.jpg in Resources */,
				D9CBD7D82623DA1D0043DA8A /* Barcelona.jpg in Resources */,
				D9CBD7E42623DC7E0043DA8A /* Retriever.jpeg in Resources */,
				D9CBD7C02623D0EA0043DA8A /* Main.storyboard in Resources */,
			);
			runOnlyForDeploymentPostprocessing = 0;
		};
/* End PBXResourcesBuildPhase section */

/* Begin PBXSourcesBuildPhase section */
		D9CBD7B12623D0EA0043DA8A /* Sources */ = {
			isa = PBXSourcesBuildPhase;
			buildActionMask = 2147483647;
			files = (
				D9CBD7BD2623D0EA0043DA8A /* ViewController.swift in Sources */,
				D9CBD7B92623D0EA0043DA8A /* AppDelegate.swift in Sources */,
				D9CBD7BB2623D0EA0043DA8A /* SceneDelegate.swift in Sources */,
			);
			runOnlyForDeploymentPostprocessing = 0;
		};
/* End PBXSourcesBuildPhase section */

/* Begin PBXVariantGroup section */
		D9CBD7BE2623D0EA0043DA8A /* Main.storyboard */ = {
			isa = PBXVariantGroup;
			children = (
				D9CBD7BF2623D0EA0043DA8A /* Base */,
			);
			name = Main.storyboard;
			sourceTree = "<group>";
		};
		D9CBD7C32623D0EB0043DA8A /* LaunchScreen.storyboard */ = {
			isa = PBXVariantGroup;
			children = (
				D9CBD7C42623D0EB0043DA8A /* Base */,
			);
			name = LaunchScreen.storyboard;
			sourceTree = "<group>";
		};
/* End PBXVariantGroup section */

/* Begin XCBuildConfiguration section */
		D9CBD7C72623D0EB0043DA8A /* Debug */ = {
			isa = XCBuildConfiguration;
			buildSettings = {
				ALWAYS_SEARCH_USER_PATHS = NO;
				CLANG_ANALYZER_NONNULL = YES;
				CLANG_ANALYZER_NUMBER_OBJECT_CONVERSION = YES_AGGRESSIVE;
				CLANG_CXX_LANGUAGE_STANDARD = "gnu++14";
				CLANG_CXX_LIBRARY = "libc++";
				CLANG_ENABLE_MODULES = YES;
				CLANG_ENABLE_OBJC_ARC = YES;
				CLANG_ENABLE_OBJC_WEAK = YES;
				CLANG_WARN_BLOCK_CAPTURE_AUTORELEASING = YES;
				CLANG_WARN_BOOL_CONVERSION = YES;
				CLANG_WARN_COMMA = YES;
				CLANG_WARN_CONSTANT_CONVERSION = YES;
				CLANG_WARN_DEPRECATED_OBJC_IMPLEMENTATIONS = YES;
				CLANG_WARN_DIRECT_OBJC_ISA_USAGE = YES_ERROR;
				CLANG_WARN_DOCUMENTATION_COMMENTS = YES;
				CLANG_WARN_EMPTY_BODY = YES;
				CLANG_WARN_ENUM_CONVERSION = YES;
				CLANG_WARN_INFINITE_RECURSION = YES;
				CLANG_WARN_INT_CONVERSION = YES;
				CLANG_WARN_NON_LITERAL_NULL_CONVERSION = YES;
				CLANG_WARN_OBJC_IMPLICIT_RETAIN_SELF = YES;
				CLANG_WARN_OBJC_LITERAL_CONVERSION = YES;
				CLANG_WARN_OBJC_ROOT_CLASS = YES_ERROR;
				CLANG_WARN_QUOTED_INCLUDE_IN_FRAMEWORK_HEADER = YES;
				CLANG_WARN_RANGE_LOOP_ANALYSIS = YES;
				CLANG_WARN_STRICT_PROTOTYPES = YES;
				CLANG_WARN_SUSPICIOUS_MOVE = YES;
				CLANG_WARN_UNGUARDED_AVAILABILITY = YES_AGGRESSIVE;
				CLANG_WARN_UNREACHABLE_CODE = YES;
				CLANG_WARN__DUPLICATE_METHOD_MATCH = YES;
				COPY_PHASE_STRIP = NO;
				DEBUG_INFORMATION_FORMAT = dwarf;
				ENABLE_STRICT_OBJC_MSGSEND = YES;
				ENABLE_TESTABILITY = YES;
				GCC_C_LANGUAGE_STANDARD = gnu11;
				GCC_DYNAMIC_NO_PIC = NO;
				GCC_NO_COMMON_BLOCKS = YES;
				GCC_OPTIMIZATION_LEVEL = 0;
				GCC_PREPROCESSOR_DEFINITIONS = (
					"DEBUG=1",
					"$(inherited)",
				);
				GCC_WARN_64_TO_32_BIT_CONVERSION = YES;
				GCC_WARN_ABOUT_RETURN_TYPE = YES_ERROR;
				GCC_WARN_UNDECLARED_SELECTOR = YES;
				GCC_WARN_UNINITIALIZED_AUTOS = YES_AGGRESSIVE;
				GCC_WARN_UNUSED_FUNCTION = YES;
				GCC_WARN_UNUSED_VARIABLE = YES;
				IPHONEOS_DEPLOYMENT_TARGET = 14.4;
				MTL_ENABLE_DEBUG_INFO = INCLUDE_SOURCE;
				MTL_FAST_MATH = YES;
				ONLY_ACTIVE_ARCH = YES;
				SDKROOT = iphoneos;
				SWIFT_ACTIVE_COMPILATION_CONDITIONS = DEBUG;
				SWIFT_OPTIMIZATION_LEVEL = "-Onone";
			};
			name = Debug;
		};
		D9CBD7C82623D0EB0043DA8A /* Release */ = {
			isa = XCBuildConfiguration;
			buildSettings = {
				ALWAYS_SEARCH_USER_PATHS = NO;
				CLANG_ANALYZER_NONNULL = YES;
				CLANG_ANALYZER_NUMBER_OBJECT_CONVERSION = YES_AGGRESSIVE;
				CLANG_CXX_LANGUAGE_STANDARD = "gnu++14";
				CLANG_CXX_LIBRARY = "libc++";
				CLANG_ENABLE_MODULES = YES;
				CLANG_ENABLE_OBJC_ARC = YES;
				CLANG_ENABLE_OBJC_WEAK = YES;
				CLANG_WARN_BLOCK_CAPTURE_AUTORELEASING = YES;
				CLANG_WARN_BOOL_CONVERSION = YES;
				CLANG_WARN_COMMA = YES;
				CLANG_WARN_CONSTANT_CONVERSION = YES;
				CLANG_WARN_DEPRECATED_OBJC_IMPLEMENTATIONS = YES;
				CLANG_WARN_DIRECT_OBJC_ISA_USAGE = YES_ERROR;
				CLANG_WARN_DOCUMENTATION_COMMENTS = YES;
				CLANG_WARN_EMPTY_BODY = YES;
				CLANG_WARN_ENUM_CONVERSION = YES;
				CLANG_WARN_INFINITE_RECURSION = YES;
				CLANG_WARN_INT_CONVERSION = YES;
				CLANG_WARN_NON_LITERAL_NULL_CONVERSION = YES;
				CLANG_WARN_OBJC_IMPLICIT_RETAIN_SELF = YES;
				CLANG_WARN_OBJC_LITERAL_CONVERSION = YES;
				CLANG_WARN_OBJC_ROOT_CLASS = YES_ERROR;
				CLANG_WARN_QUOTED_INCLUDE_IN_FRAMEWORK_HEADER = YES;
				CLANG_WARN_RANGE_LOOP_ANALYSIS = YES;
				CLANG_WARN_STRICT_PROTOTYPES = YES;
				CLANG_WARN_SUSPICIOUS_MOVE = YES;
				CLANG_WARN_UNGUARDED_AVAILABILITY = YES_AGGRESSIVE;
				CLANG_WARN_UNREACHABLE_CODE = YES;
				CLANG_WARN__DUPLICATE_METHOD_MATCH = YES;
				COPY_PHASE_STRIP = NO;
				DEBUG_INFORMATION_FORMAT = "dwarf-with-dsym";
				ENABLE_NS_ASSERTIONS = NO;
				ENABLE_STRICT_OBJC_MSGSEND = YES;
				GCC_C_LANGUAGE_STANDARD = gnu11;
				GCC_NO_COMMON_BLOCKS = YES;
				GCC_WARN_64_TO_32_BIT_CONVERSION = YES;
				GCC_WARN_ABOUT_RETURN_TYPE = YES_ERROR;
				GCC_WARN_UNDECLARED_SELECTOR = YES;
				GCC_WARN_UNINITIALIZED_AUTOS = YES_AGGRESSIVE;
				GCC_WARN_UNUSED_FUNCTION = YES;
				GCC_WARN_UNUSED_VARIABLE = YES;
				IPHONEOS_DEPLOYMENT_TARGET = 14.4;
				MTL_ENABLE_DEBUG_INFO = NO;
				MTL_FAST_MATH = YES;
				SDKROOT = iphoneos;
				SWIFT_COMPILATION_MODE = wholemodule;
				SWIFT_OPTIMIZATION_LEVEL = "-O";
				VALIDATE_PRODUCT = YES;
			};
			name = Release;
		};
		D9CBD7CA2623D0EB0043DA8A /* Debug */ = {
			isa = XCBuildConfiguration;
			buildSettings = {
				ASSETCATALOG_COMPILER_APPICON_NAME = AppIcon;
				ASSETCATALOG_COMPILER_GLOBAL_ACCENT_COLOR_NAME = AccentColor;
				CODE_SIGN_STYLE = Automatic;
				DEVELOPMENT_TEAM = 7B79AG9UXA;
				INFOPLIST_FILE = MultiPickerView/Info.plist;
				LD_RUNPATH_SEARCH_PATHS = (
					"$(inherited)",
					"@executable_path/Frameworks",
				);
				PRODUCT_BUNDLE_IDENTIFIER = com.chae.MultiPickerView;
				PRODUCT_NAME = "$(TARGET_NAME)";
				SWIFT_VERSION = 5.0;
				TARGETED_DEVICE_FAMILY = "1,2";
			};
			name = Debug;
		};
		D9CBD7CB2623D0EB0043DA8A /* Release */ = {
			isa = XCBuildConfiguration;
			buildSettings = {
				ASSETCATALOG_COMPILER_APPICON_NAME = AppIcon;
				ASSETCATALOG_COMPILER_GLOBAL_ACCENT_COLOR_NAME = AccentColor;
				CODE_SIGN_STYLE = Automatic;
				DEVELOPMENT_TEAM = 7B79AG9UXA;
				INFOPLIST_FILE = MultiPickerView/Info.plist;
				LD_RUNPATH_SEARCH_PATHS = (
					"$(inherited)",
					"@executable_path/Frameworks",
				);
				PRODUCT_BUNDLE_IDENTIFIER = com.chae.MultiPickerView;
				PRODUCT_NAME = "$(TARGET_NAME)";
				SWIFT_VERSION = 5.0;
				TARGETED_DEVICE_FAMILY = "1,2";
			};
			name = Release;
		};
/* End XCBuildConfiguration section */

/* Begin XCConfigurationList section */
		D9CBD7B02623D0E90043DA8A /* Build configuration list for PBXProject "MultiPickerView" */ = {
			isa = XCConfigurationList;
			buildConfigurations = (
				D9CBD7C72623D0EB0043DA8A /* Debug */,
				D9CBD7C82623D0EB0043DA8A /* Release */,
			);
			defaultConfigurationIsVisible = 0;
			defaultConfigurationName = Release;
		};
		D9CBD7C92623D0EB0043DA8A /* Build configuration list for PBXNativeTarget "MultiPickerView" */ = {
			isa = XCConfigurationList;
			buildConfigurations = (
				D9CBD7CA2623D0EB0043DA8A /* Debug */,
				D9CBD7CB2623D0EB0043DA8A /* Release */,
			);
			defaultConfigurationIsVisible = 0;
			defaultConfigurationName = Release;
		};
/* End XCConfigurationList section */
	};
	rootObject = D9CBD7AD2623D0E90043DA8A /* Project object */;
}
