// !$*UTF8*$!
{
	archiveVersion = 1;
	classes = {
	};
	objectVersion = 50;
	objects = {

/* Begin PBXBuildFile section */
		D92DFD2626281E8200ED82F7 /* lamp_off.png in Resources */ = {isa = PBXBuildFile; fileRef = D92DFD2426281E8200ED82F7 /* lamp_off.png */; };
		D92DFD2726281E8200ED82F7 /* lamp_on.png in Resources */ = {isa = PBXBuildFile; fileRef = D92DFD2526281E8200ED82F7 /* lamp_on.png */; };
		D92DFD2A26281F1A00ED82F7 /* ImageViewController.swift in Sources */ = {isa = PBXBuildFile; fileRef = D92DFD2926281F1A00ED82F7 /* ImageViewController.swift */; };
		D993E09B26290AC70025FB01 /* DateViewController.swift in Sources */ = {isa = PBXBuildFile; fileRef = D993E09A26290AC70025FB01 /* DateViewController.swift */; };
		D993E09E26290D3B0025FB01 /* File.png in Resources */ = {isa = PBXBuildFile; fileRef = D993E09D26290D3B0025FB01 /* File.png */; };
		D993E0A42629144B0025FB01 /* PickerViewController.swift in Sources */ = {isa = PBXBuildFile; fileRef = D993E0A32629144B0025FB01 /* PickerViewController.swift */; };
		D993E0B2262914F40025FB01 /* 1.jpeg in Resources */ = {isa = PBXBuildFile; fileRef = D993E0AB262914F40025FB01 /* 1.jpeg */; };
		D993E0B3262914F40025FB01 /* 4.jpg in Resources */ = {isa = PBXBuildFile; fileRef = D993E0AC262914F40025FB01 /* 4.jpg */; };
		D993E0B4262914F40025FB01 /* 2.jpeg in Resources */ = {isa = PBXBuildFile; fileRef = D993E0AD262914F40025FB01 /* 2.jpeg */; };
		D993E0B5262914F40025FB01 /* 5.jpg in Resources */ = {isa = PBXBuildFile; fileRef = D993E0AE262914F40025FB01 /* 5.jpg */; };
		D993E0B6262914F40025FB01 /* 7.jpg in Resources */ = {isa = PBXBuildFile; fileRef = D993E0AF262914F40025FB01 /* 7.jpg */; };
		D993E0B7262914F40025FB01 /* 6.jpg in Resources */ = {isa = PBXBuildFile; fileRef = D993E0B0262914F40025FB01 /* 6.jpg */; };
		D993E0B8262914F40025FB01 /* 3.jpeg in Resources */ = {isa = PBXBuildFile; fileRef = D993E0B1262914F40025FB01 /* 3.jpeg */; };
		D9E496912627C7C800C0603D /* AppDelegate.swift in Sources */ = {isa = PBXBuildFile; fileRef = D9E496902627C7C800C0603D /* AppDelegate.swift */; };
		D9E496932627C7C800C0603D /* SceneDelegate.swift in Sources */ = {isa = PBXBuildFile; fileRef = D9E496922627C7C800C0603D /* SceneDelegate.swift */; };
		D9E496952627C7C800C0603D /* ViewController.swift in Sources */ = {isa = PBXBuildFile; fileRef = D9E496942627C7C800C0603D /* ViewController.swift */; };
		D9E496982627C7C800C0603D /* Main.storyboard in Resources */ = {isa = PBXBuildFile; fileRef = D9E496962627C7C800C0603D /* Main.storyboard */; };
		D9E4969A2627C7C900C0603D /* Assets.xcassets in Resources */ = {isa = PBXBuildFile; fileRef = D9E496992627C7C900C0603D /* Assets.xcassets */; };
		D9E4969D2627C7C900C0603D /* LaunchScreen.storyboard in Resources */ = {isa = PBXBuildFile; fileRef = D9E4969B2627C7C900C0603D /* LaunchScreen.storyboard */; };
/* End PBXBuildFile section */

/* Begin PBXFileReference section */
		D92DFD2426281E8200ED82F7 /* lamp_off.png */ = {isa = PBXFileReference; lastKnownFileType = image.png; name = lamp_off.png; path = ../../../2/ImageView/ImageView/lamp_off.png; sourceTree = "<group>"; };
		D92DFD2526281E8200ED82F7 /* lamp_on.png */ = {isa = PBXFileReference; lastKnownFileType = image.png; name = lamp_on.png; path = ../../../2/ImageView/ImageView/lamp_on.png; sourceTree = "<group>"; };
		D92DFD2926281F1A00ED82F7 /* ImageViewController.swift */ = {isa = PBXFileReference; fileEncoding = 4; lastKnownFileType = sourcecode.swift; name = ImageViewController.swift; path = ../../../2/ImageView/ImageView/ImageViewController.swift; sourceTree = "<group>"; };
		D993E09A26290AC70025FB01 /* DateViewController.swift */ = {isa = PBXFileReference; fileEncoding = 4; lastKnownFileType = sourcecode.swift; name = DateViewController.swift; path = ../../../2/DatePicker/DatePicker/DateViewController.swift; sourceTree = "<group>"; };
		D993E09D26290D3B0025FB01 /* File.png */ = {isa = PBXFileReference; lastKnownFileType = image.png; path = File.png; sourceTree = "<group>"; };
		D993E0A32629144B0025FB01 /* PickerViewController.swift */ = {isa = PBXFileReference; fileEncoding = 4; lastKnownFileType = sourcecode.swift; name = PickerViewController.swift; path = ../../../2/PickerView/PickerView/PickerViewController.swift; sourceTree = "<group>"; };
		D993E0AB262914F40025FB01 /* 1.jpeg */ = {isa = PBXFileReference; lastKnownFileType = image.jpeg; path = 1.jpeg; sourceTree = "<group>"; };
		D993E0AC262914F40025FB01 /* 4.jpg */ = {isa = PBXFileReference; lastKnownFileType = image.jpeg; path = 4.jpg; sourceTree = "<group>"; };
		D993E0AD262914F40025FB01 /* 2.jpeg */ = {isa = PBXFileReference; lastKnownFileType = image.jpeg; path = 2.jpeg; sourceTree = "<group>"; };
		D993E0AE262914F40025FB01 /* 5.jpg */ = {isa = PBXFileReference; lastKnownFileType = image.jpeg; path = 5.jpg; sourceTree = "<group>"; };
		D993E0AF262914F40025FB01 /* 7.jpg */ = {isa = PBXFileReference; lastKnownFileType = image.jpeg; path = 7.jpg; sourceTree = "<group>"; };
		D993E0B0262914F40025FB01 /* 6.jpg */ = {isa = PBXFileReference; lastKnownFileType = image.jpeg; path = 6.jpg; sourceTree = "<group>"; };
		D993E0B1262914F40025FB01 /* 3.jpeg */ = {isa = PBXFileReference; lastKnownFileType = image.jpeg; path = 3.jpeg; sourceTree = "<group>"; };
		D9E4968D2627C7C800C0603D /* Tab.app */ = {isa = PBXFileReference; explicitFileType = wrapper.application; includeInIndex = 0; path = Tab.app; sourceTree = BUILT_PRODUCTS_DIR; };
		D9E496902627C7C800C0603D /* AppDelegate.swift */ = {isa = PBXFileReference; lastKnownFileType = sourcecode.swift; path = AppDelegate.swift; sourceTree = "<group>"; };
		D9E496922627C7C800C0603D /* SceneDelegate.swift */ = {isa = PBXFileReference; lastKnownFileType = sourcecode.swift; path = SceneDelegate.swift; sourceTree = "<group>"; };
		D9E496942627C7C800C0603D /* ViewController.swift */ = {isa = PBXFileReference; lastKnownFileType = sourcecode.swift; path = ViewController.swift; sourceTree = "<group>"; };
		D9E496972627C7C800C0603D /* Base */ = {isa = PBXFileReference; lastKnownFileType = file.storyboard; name = Base; path = Base.lproj/Main.storyboard; sourceTree = "<group>"; };
		D9E496992627C7C900C0603D /* Assets.xcassets */ = {isa = PBXFileReference; lastKnownFileType = folder.assetcatalog; path = Assets.xcassets; sourceTree = "<group>"; };
		D9E4969C2627C7C900C0603D /* Base */ = {isa = PBXFileReference; lastKnownFileType = file.storyboard; name = Base; path = Base.lproj/LaunchScreen.storyboard; sourceTree = "<group>"; };
		D9E4969E2627C7C900C0603D /* Info.plist */ = {isa = PBXFileReference; lastKnownFileType = text.plist.xml; path = Info.plist; sourceTree = "<group>"; };
/* End PBXFileReference section */

/* Begin PBXFrameworksBuildPhase section */
		D9E4968A2627C7C800C0603D /* Frameworks */ = {
			isa = PBXFrameworksBuildPhase;
			buildActionMask = 2147483647;
			files = (
			);
			runOnlyForDeploymentPostprocessing = 0;
		};
/* End PBXFrameworksBuildPhase section */

/* Begin PBXGroup section */
		D993E0AA262914F40025FB01 /* images */ = {
			isa = PBXGroup;
			children = (
				D993E0AB262914F40025FB01 /* 1.jpeg */,
				D993E0AC262914F40025FB01 /* 4.jpg */,
				D993E0AD262914F40025FB01 /* 2.jpeg */,
				D993E0AE262914F40025FB01 /* 5.jpg */,
				D993E0AF262914F40025FB01 /* 7.jpg */,
				D993E0B0262914F40025FB01 /* 6.jpg */,
				D993E0B1262914F40025FB01 /* 3.jpeg */,
			);
			name = images;
			path = ../../../2/PickerView/PickerView/images;
			sourceTree = "<group>";
		};
		D9E496842627C7C800C0603D = {
			isa = PBXGroup;
			children = (
				D9E4968F2627C7C800C0603D /* Tab */,
				D9E4968E2627C7C800C0603D /* Products */,
			);
			sourceTree = "<group>";
		};
		D9E4968E2627C7C800C0603D /* Products */ = {
			isa = PBXGroup;
			children = (
				D9E4968D2627C7C800C0603D /* Tab.app */,
			);
			name = Products;
			sourceTree = "<group>";
		};
		D9E4968F2627C7C800C0603D /* Tab */ = {
			isa = PBXGroup;
			children = (
				D993E0AA262914F40025FB01 /* images */,
				D993E09D26290D3B0025FB01 /* File.png */,
				D92DFD2426281E8200ED82F7 /* lamp_off.png */,
				D92DFD2526281E8200ED82F7 /* lamp_on.png */,
				D9E496902627C7C800C0603D /* AppDelegate.swift */,
				D9E496922627C7C800C0603D /* SceneDelegate.swift */,
				D9E496942627C7C800C0603D /* ViewController.swift */,
				D92DFD2926281F1A00ED82F7 /* ImageViewController.swift */,
				D993E09A26290AC70025FB01 /* DateViewController.swift */,
				D993E0A32629144B0025FB01 /* PickerViewController.swift */,
				D9E496962627C7C800C0603D /* Main.storyboard */,
				D9E496992627C7C900C0603D /* Assets.xcassets */,
				D9E4969B2627C7C900C0603D /* LaunchScreen.storyboard */,
				D9E4969E2627C7C900C0603D /* Info.plist */,
			);
			path = Tab;
			sourceTree = "<group>";
		};
/* End PBXGroup section */

/* Begin PBXNativeTarget section */
		D9E4968C2627C7C800C0603D /* Tab */ = {
			isa = PBXNativeTarget;
			buildConfigurationList = D9E496A12627C7C900C0603D /* Build configuration list for PBXNativeTarget "Tab" */;
			buildPhases = (
				D9E496892627C7C800C0603D /* Sources */,
				D9E4968A2627C7C800C0603D /* Frameworks */,
				D9E4968B2627C7C800C0603D /* Resources */,
			);
			buildRules = (
			);
			dependencies = (
			);
			name = Tab;
			productName = Tab;
			productReference = D9E4968D2627C7C800C0603D /* Tab.app */;
			productType = "com.apple.product-type.application";
		};
/* End PBXNativeTarget section */

/* Begin PBXProject section */
		D9E496852627C7C800C0603D /* Project object */ = {
			isa = PBXProject;
			attributes = {
				LastSwiftUpdateCheck = 1240;
				LastUpgradeCheck = 1240;
				TargetAttributes = {
					D9E4968C2627C7C800C0603D = {
						CreatedOnToolsVersion = 12.4;
					};
				};
			};
			buildConfigurationList = D9E496882627C7C800C0603D /* Build configuration list for PBXProject "Tab" */;
			compatibilityVersion = "Xcode 9.3";
			developmentRegion = en;
			hasScannedForEncodings = 0;
			knownRegions = (
				en,
				Base,
			);
			mainGroup = D9E496842627C7C800C0603D;
			productRefGroup = D9E4968E2627C7C800C0603D /* Products */;
			projectDirPath = "";
			projectRoot = "";
			targets = (
				D9E4968C2627C7C800C0603D /* Tab */,
			);
		};
/* End PBXProject section */

/* Begin PBXResourcesBuildPhase section */
		D9E4968B2627C7C800C0603D /* Resources */ = {
			isa = PBXResourcesBuildPhase;
			buildActionMask = 2147483647;
			files = (
				D993E0B8262914F40025FB01 /* 3.jpeg in Resources */,
				D993E0B6262914F40025FB01 /* 7.jpg in Resources */,
				D993E0B3262914F40025FB01 /* 4.jpg in Resources */,
				D993E0B5262914F40025FB01 /* 5.jpg in Resources */,
				D993E0B2262914F40025FB01 /* 1.jpeg in Resources */,
				D9E4969D2627C7C900C0603D /* LaunchScreen.storyboard in Resources */,
				D9E4969A2627C7C900C0603D /* Assets.xcassets in Resources */,
				D993E0B7262914F40025FB01 /* 6.jpg in Resources */,
				D92DFD2726281E8200ED82F7 /* lamp_on.png in Resources */,
				D993E09E26290D3B0025FB01 /* File.png in Resources */,
				D9E496982627C7C800C0603D /* Main.storyboard in Resources */,
				D92DFD2626281E8200ED82F7 /* lamp_off.png in Resources */,
				D993E0B4262914F40025FB01 /* 2.jpeg in Resources */,
			);
			runOnlyForDeploymentPostprocessing = 0;
		};
/* End PBXResourcesBuildPhase section */

/* Begin PBXSourcesBuildPhase section */
		D9E496892627C7C800C0603D /* Sources */ = {
			isa = PBXSourcesBuildPhase;
			buildActionMask = 2147483647;
			files = (
				D993E0A42629144B0025FB01 /* PickerViewController.swift in Sources */,
				D993E09B26290AC70025FB01 /* DateViewController.swift in Sources */,
				D9E496952627C7C800C0603D /* ViewController.swift in Sources */,
				D9E496912627C7C800C0603D /* AppDelegate.swift in Sources */,
				D92DFD2A26281F1A00ED82F7 /* ImageViewController.swift in Sources */,
				D9E496932627C7C800C0603D /* SceneDelegate.swift in Sources */,
			);
			runOnlyForDeploymentPostprocessing = 0;
		};
/* End PBXSourcesBuildPhase section */

/* Begin PBXVariantGroup section */
		D9E496962627C7C800C0603D /* Main.storyboard */ = {
			isa = PBXVariantGroup;
			children = (
				D9E496972627C7C800C0603D /* Base */,
			);
			name = Main.storyboard;
			sourceTree = "<group>";
		};
		D9E4969B2627C7C900C0603D /* LaunchScreen.storyboard */ = {
			isa = PBXVariantGroup;
			children = (
				D9E4969C2627C7C900C0603D /* Base */,
			);
			name = LaunchScreen.storyboard;
			sourceTree = "<group>";
		};
/* End PBXVariantGroup section */

/* Begin XCBuildConfiguration section */
		D9E4969F2627C7C900C0603D /* Debug */ = {
			isa = XCBuildConfiguration;
			buildSettings = {
				ALWAYS_SEARCH_USER_PATHS = NO;
				CLANG_ANALYZER_NONNULL = YES;
				CLANG_ANALYZER_NUMBER_OBJECT_CONVERSION = YES_AGGRESSIVE;
				CLANG_CXX_LANGUAGE_STANDARD = "gnu++14";
				CLANG_CXX_LIBRARY = "libc++";
				CLANG_ENABLE_MODULES = YES;
				CLANG_ENABLE_OBJC_ARC = YES;
				CLANG_ENABLE_OBJC_WEAK = YES;
				CLANG_WARN_BLOCK_CAPTURE_AUTORELEASING = YES;
				CLANG_WARN_BOOL_CONVERSION = YES;
				CLANG_WARN_COMMA = YES;
				CLANG_WARN_CONSTANT_CONVERSION = YES;
				CLANG_WARN_DEPRECATED_OBJC_IMPLEMENTATIONS = YES;
				CLANG_WARN_DIRECT_OBJC_ISA_USAGE = YES_ERROR;
				CLANG_WARN_DOCUMENTATION_COMMENTS = YES;
				CLANG_WARN_EMPTY_BODY = YES;
				CLANG_WARN_ENUM_CONVERSION = YES;
				CLANG_WARN_INFINITE_RECURSION = YES;
				CLANG_WARN_INT_CONVERSION = YES;
				CLANG_WARN_NON_LITERAL_NULL_CONVERSION = YES;
				CLANG_WARN_OBJC_IMPLICIT_RETAIN_SELF = YES;
				CLANG_WARN_OBJC_LITERAL_CONVERSION = YES;
				CLANG_WARN_OBJC_ROOT_CLASS = YES_ERROR;
				CLANG_WARN_QUOTED_INCLUDE_IN_FRAMEWORK_HEADER = YES;
				CLANG_WARN_RANGE_LOOP_ANALYSIS = YES;
				CLANG_WARN_STRICT_PROTOTYPES = YES;
				CLANG_WARN_SUSPICIOUS_MOVE = YES;
				CLANG_WARN_UNGUARDED_AVAILABILITY = YES_AGGRESSIVE;
				CLANG_WARN_UNREACHABLE_CODE = YES;
				CLANG_WARN__DUPLICATE_METHOD_MATCH = YES;
				COPY_PHASE_STRIP = NO;
				DEBUG_INFORMATION_FORMAT = dwarf;
				ENABLE_STRICT_OBJC_MSGSEND = YES;
				ENABLE_TESTABILITY = YES;
				GCC_C_LANGUAGE_STANDARD = gnu11;
				GCC_DYNAMIC_NO_PIC = NO;
				GCC_NO_COMMON_BLOCKS = YES;
				GCC_OPTIMIZATION_LEVEL = 0;
				GCC_PREPROCESSOR_DEFINITIONS = (
					"DEBUG=1",
					"$(inherited)",
				);
				GCC_WARN_64_TO_32_BIT_CONVERSION = YES;
				GCC_WARN_ABOUT_RETURN_TYPE = YES_ERROR;
				GCC_WARN_UNDECLARED_SELECTOR = YES;
				GCC_WARN_UNINITIALIZED_AUTOS = YES_AGGRESSIVE;
				GCC_WARN_UNUSED_FUNCTION = YES;
				GCC_WARN_UNUSED_VARIABLE = YES;
				IPHONEOS_DEPLOYMENT_TARGET = 14.4;
				MTL_ENABLE_DEBUG_INFO = INCLUDE_SOURCE;
				MTL_FAST_MATH = YES;
				ONLY_ACTIVE_ARCH = YES;
				SDKROOT = iphoneos;
				SWIFT_ACTIVE_COMPILATION_CONDITIONS = DEBUG;
				SWIFT_OPTIMIZATION_LEVEL = "-Onone";
			};
			name = Debug;
		};
		D9E496A02627C7C900C0603D /* Release */ = {
			isa = XCBuildConfiguration;
			buildSettings = {
				ALWAYS_SEARCH_USER_PATHS = NO;
				CLANG_ANALYZER_NONNULL = YES;
				CLANG_ANALYZER_NUMBER_OBJECT_CONVERSION = YES_AGGRESSIVE;
				CLANG_CXX_LANGUAGE_STANDARD = "gnu++14";
				CLANG_CXX_LIBRARY = "libc++";
				CLANG_ENABLE_MODULES = YES;
				CLANG_ENABLE_OBJC_ARC = YES;
				CLANG_ENABLE_OBJC_WEAK = YES;
				CLANG_WARN_BLOCK_CAPTURE_AUTORELEASING = YES;
				CLANG_WARN_BOOL_CONVERSION = YES;
				CLANG_WARN_COMMA = YES;
				CLANG_WARN_CONSTANT_CONVERSION = YES;
				CLANG_WARN_DEPRECATED_OBJC_IMPLEMENTATIONS = YES;
				CLANG_WARN_DIRECT_OBJC_ISA_USAGE = YES_ERROR;
				CLANG_WARN_DOCUMENTATION_COMMENTS = YES;
				CLANG_WARN_EMPTY_BODY = YES;
				CLANG_WARN_ENUM_CONVERSION = YES;
				CLANG_WARN_INFINITE_RECURSION = YES;
				CLANG_WARN_INT_CONVERSION = YES;
				CLANG_WARN_NON_LITERAL_NULL_CONVERSION = YES;
				CLANG_WARN_OBJC_IMPLICIT_RETAIN_SELF = YES;
				CLANG_WARN_OBJC_LITERAL_CONVERSION = YES;
				CLANG_WARN_OBJC_ROOT_CLASS = YES_ERROR;
				CLANG_WARN_QUOTED_INCLUDE_IN_FRAMEWORK_HEADER = YES;
				CLANG_WARN_RANGE_LOOP_ANALYSIS = YES;
				CLANG_WARN_STRICT_PROTOTYPES = YES;
				CLANG_WARN_SUSPICIOUS_MOVE = YES;
				CLANG_WARN_UNGUARDED_AVAILABILITY = YES_AGGRESSIVE;
				CLANG_WARN_UNREACHABLE_CODE = YES;
				CLANG_WARN__DUPLICATE_METHOD_MATCH = YES;
				COPY_PHASE_STRIP = NO;
				DEBUG_INFORMATION_FORMAT = "dwarf-with-dsym";
				ENABLE_NS_ASSERTIONS = NO;
				ENABLE_STRICT_OBJC_MSGSEND = YES;
				GCC_C_LANGUAGE_STANDARD = gnu11;
				GCC_NO_COMMON_BLOCKS = YES;
				GCC_WARN_64_TO_32_BIT_CONVERSION = YES;
				GCC_WARN_ABOUT_RETURN_TYPE = YES_ERROR;
				GCC_WARN_UNDECLARED_SELECTOR = YES;
				GCC_WARN_UNINITIALIZED_AUTOS = YES_AGGRESSIVE;
				GCC_WARN_UNUSED_FUNCTION = YES;
				GCC_WARN_UNUSED_VARIABLE = YES;
				IPHONEOS_DEPLOYMENT_TARGET = 14.4;
				MTL_ENABLE_DEBUG_INFO = NO;
				MTL_FAST_MATH = YES;
				SDKROOT = iphoneos;
				SWIFT_COMPILATION_MODE = wholemodule;
				SWIFT_OPTIMIZATION_LEVEL = "-O";
				VALIDATE_PRODUCT = YES;
			};
			name = Release;
		};
		D9E496A22627C7C900C0603D /* Debug */ = {
			isa = XCBuildConfiguration;
			buildSettings = {
				ASSETCATALOG_COMPILER_APPICON_NAME = AppIcon;
				ASSETCATALOG_COMPILER_GLOBAL_ACCENT_COLOR_NAME = AccentColor;
				CODE_SIGN_STYLE = Automatic;
				DEVELOPMENT_TEAM = 7B79AG9UXA;
				INFOPLIST_FILE = Tab/Info.plist;
				LD_RUNPATH_SEARCH_PATHS = (
					"$(inherited)",
					"@executable_path/Frameworks",
				);
				PRODUCT_BUNDLE_IDENTIFIER = com.chae.Tab;
				PRODUCT_NAME = "$(TARGET_NAME)";
				SWIFT_VERSION = 5.0;
				TARGETED_DEVICE_FAMILY = "1,2";
			};
			name = Debug;
		};
		D9E496A32627C7C900C0603D /* Release */ = {
			isa = XCBuildConfiguration;
			buildSettings = {
				ASSETCATALOG_COMPILER_APPICON_NAME = AppIcon;
				ASSETCATALOG_COMPILER_GLOBAL_ACCENT_COLOR_NAME = AccentColor;
				CODE_SIGN_STYLE = Automatic;
				DEVELOPMENT_TEAM = 7B79AG9UXA;
				INFOPLIST_FILE = Tab/Info.plist;
				LD_RUNPATH_SEARCH_PATHS = (
					"$(inherited)",
					"@executable_path/Frameworks",
				);
				PRODUCT_BUNDLE_IDENTIFIER = com.chae.Tab;
				PRODUCT_NAME = "$(TARGET_NAME)";
				SWIFT_VERSION = 5.0;
				TARGETED_DEVICE_FAMILY = "1,2";
			};
			name = Release;
		};
/* End XCBuildConfiguration section */

/* Begin XCConfigurationList section */
		D9E496882627C7C800C0603D /* Build configuration list for PBXProject "Tab" */ = {
			isa = XCConfigurationList;
			buildConfigurations = (
				D9E4969F2627C7C900C0603D /* Debug */,
				D9E496A02627C7C900C0603D /* Release */,
			);
			defaultConfigurationIsVisible = 0;
			defaultConfigurationName = Release;
		};
		D9E496A12627C7C900C0603D /* Build configuration list for PBXNativeTarget "Tab" */ = {
			isa = XCConfigurationList;
			buildConfigurations = (
				D9E496A22627C7C900C0603D /* Debug */,
				D9E496A32627C7C900C0603D /* Release */,
			);
			defaultConfigurationIsVisible = 0;
			defaultConfigurationName = Release;
		};
/* End XCConfigurationList section */
	};
	rootObject = D9E496852627C7C800C0603D /* Project object */;
}
